
Microsoft Visual Studio Solution File, Format Version 12.00
# Visual Studio Version 17
VisualStudioVersion = 17.9.34622.214
MinimumVisualStudioVersion = 10.0.40219.1
Project("{9A19103F-16F7-4668-BE54-9A1E7A4F7556}") = "ShopListApp.WebAPI", "ShopListApp\ShopListApp.WebAPI.csproj", "{BF3BECB1-692E-4DF1-A092-54355096946B}"
EndProject
Project("{2150E333-8FDC-42A3-9474-1A3956D46DE8}") = "Infrastructure", "Infrastructure", "{411F52A8-7E3A-4C8A-8228-137BD17A6824}"
EndProject
Project("{9A19103F-16F7-4668-BE54-9A1E7A4F7556}") = "ShopListApp.Domain", "ShopListApp.Domain\ShopListApp.Domain.csproj", "{83BC1E91-EE3B-4687-94F5-FAEF8B04D388}"
EndProject
Project("{2150E333-8FDC-42A3-9474-1A3956D46DE8}") = "Core", "Core", "{997F9A53-B317-4C29-850A-B7205912DF91}"
EndProject
Project("{9A19103F-16F7-4668-BE54-9A1E7A4F7556}") = "ShopListApp.Data", "ShopListApp.Data\ShopListApp.Data.csproj", "{5ABA0A8E-055D-40AA-A5BD-D2E1094F5A03}"
EndProject
Project("{FAE04EC0-301F-11D3-BF4B-00C04F79EFBC}") = "ShopListApp.Service.Abstractions", "ShopListApp.Abstractions\ShopListApp.Service.Abstractions.csproj", "{DB5F5DC0-46DD-4493-8E94-B8B63DB90844}"
EndProject
Project("{FAE04EC0-301F-11D3-BF4B-00C04F79EFBC}") = "ShopListApp.Service.Implementations", "ShopListApp.Implementations\ShopListApp.Service.Implementations.csproj", "{ADE431D4-5E2C-4730-8B6D-6E987B73E763}"
EndProject
Global
	GlobalSection(SolutionConfigurationPlatforms) = preSolution
		Debug|Any CPU = Debug|Any CPU
		Release|Any CPU = Release|Any CPU
	EndGlobalSection
	GlobalSection(ProjectConfigurationPlatforms) = postSolution
		{BF3BECB1-692E-4DF1-A092-54355096946B}.Debug|Any CPU.ActiveCfg = Debug|Any CPU
		{BF3BECB1-692E-4DF1-A092-54355096946B}.Debug|Any CPU.Build.0 = Debug|Any CPU
		{BF3BECB1-692E-4DF1-A092-54355096946B}.Release|Any CPU.ActiveCfg = Release|Any CPU
		{BF3BECB1-692E-4DF1-A092-54355096946B}.Release|Any CPU.Build.0 = Release|Any CPU
		{83BC1E91-EE3B-4687-94F5-FAEF8B04D388}.Debug|Any CPU.ActiveCfg = Debug|Any CPU
		{83BC1E91-EE3B-4687-94F5-FAEF8B04D388}.Debug|Any CPU.Build.0 = Debug|Any CPU
		{83BC1E91-EE3B-4687-94F5-FAEF8B04D388}.Release|Any CPU.ActiveCfg = Release|Any CPU
		{83BC1E91-EE3B-4687-94F5-FAEF8B04D388}.Release|Any CPU.Build.0 = Release|Any CPU
		{5ABA0A8E-055D-40AA-A5BD-D2E1094F5A03}.Debug|Any CPU.ActiveCfg = Debug|Any CPU
		{5ABA0A8E-055D-40AA-A5BD-D2E1094F5A03}.Debug|Any CPU.Build.0 = Debug|Any CPU
		{5ABA0A8E-055D-40AA-A5BD-D2E1094F5A03}.Release|Any CPU.ActiveCfg = Release|Any CPU
		{5ABA0A8E-055D-40AA-A5BD-D2E1094F5A03}.Release|Any CPU.Build.0 = Release|Any CPU
		{DB5F5DC0-46DD-4493-8E94-B8B63DB90844}.Debug|Any CPU.ActiveCfg = Debug|Any CPU
		{DB5F5DC0-46DD-4493-8E94-B8B63DB90844}.Debug|Any CPU.Build.0 = Debug|Any CPU
		{DB5F5DC0-46DD-4493-8E94-B8B63DB90844}.Release|Any CPU.ActiveCfg = Release|Any CPU
		{DB5F5DC0-46DD-4493-8E94-B8B63DB90844}.Release|Any CPU.Build.0 = Release|Any CPU
		{ADE431D4-5E2C-4730-8B6D-6E987B73E763}.Debug|Any CPU.ActiveCfg = Debug|Any CPU
		{ADE431D4-5E2C-4730-8B6D-6E987B73E763}.Debug|Any CPU.Build.0 = Debug|Any CPU
		{ADE431D4-5E2C-4730-8B6D-6E987B73E763}.Release|Any CPU.ActiveCfg = Release|Any CPU
		{ADE431D4-5E2C-4730-8B6D-6E987B73E763}.Release|Any CPU.Build.0 = Release|Any CPU
	EndGlobalSection
	GlobalSection(SolutionProperties) = preSolution
		HideSolutionNode = FALSE
	EndGlobalSection
	GlobalSection(NestedProjects) = preSolution
		{BF3BECB1-692E-4DF1-A092-54355096946B} = {411F52A8-7E3A-4C8A-8228-137BD17A6824}
		{83BC1E91-EE3B-4687-94F5-FAEF8B04D388} = {997F9A53-B317-4C29-850A-B7205912DF91}
		{5ABA0A8E-055D-40AA-A5BD-D2E1094F5A03} = {411F52A8-7E3A-4C8A-8228-137BD17A6824}
		{DB5F5DC0-46DD-4493-8E94-B8B63DB90844} = {997F9A53-B317-4C29-850A-B7205912DF91}
		{ADE431D4-5E2C-4730-8B6D-6E987B73E763} = {997F9A53-B317-4C29-850A-B7205912DF91}
	EndGlobalSection
	GlobalSection(ExtensibilityGlobals) = postSolution
		SolutionGuid = {321851F3-4E0E-4A15-A7A2-396D206C59C2}
	EndGlobalSection
EndGlobal
